
Microsoft Visual Studio Solution File, Format Version 12.00
# Visual Studio Version 17
VisualStudioVersion = 17.1.32414.318
MinimumVisualStudioVersion = 10.0.40219.1
Project("{FAE04EC0-301F-11D3-BF4B-00C04F79EFBC}") = "PrácticaIfyMétodo.ToUpper().ToLower()", "PrácticaIfyMétodo.ToUpper().ToLower()\PrácticaIfyMétodo.ToUpper().ToLower().csproj", "{AA74097C-01EE-49C4-BA6C-A72624D917DC}"
EndProject
Global
	GlobalSection(SolutionConfigurationPlatforms) = preSolution
		Debug|Any CPU = Debug|Any CPU
		Release|Any CPU = Release|Any CPU
	EndGlobalSection
	GlobalSection(ProjectConfigurationPlatforms) = postSolution
		{AA74097C-01EE-49C4-BA6C-A72624D917DC}.Debug|Any CPU.ActiveCfg = Debug|Any CPU
		{AA74097C-01EE-49C4-BA6C-A72624D917DC}.Debug|Any CPU.Build.0 = Debug|Any CPU
		{AA74097C-01EE-49C4-BA6C-A72624D917DC}.Release|Any CPU.ActiveCfg = Release|Any CPU
		{AA74097C-01EE-49C4-BA6C-A72624D917DC}.Release|Any CPU.Build.0 = Release|Any CPU
	EndGlobalSection
	GlobalSection(SolutionProperties) = preSolution
		HideSolutionNode = FALSE
	EndGlobalSection
	GlobalSection(ExtensibilityGlobals) = postSolution
		SolutionGuid = {20E51AC0-E3B4-4D17-BCFE-C72700938E44}
	EndGlobalSection
EndGlobal
