
Microsoft Visual Studio Solution File, Format Version 12.00
# Visual Studio Version 17
VisualStudioVersion = 17.1.32414.318
MinimumVisualStudioVersion = 10.0.40219.1
Project("{FAE04EC0-301F-11D3-BF4B-00C04F79EFBC}") = "Clase7-ejercicio-cuestionerio-2", "Clase7-ejercicio-cuestionerio-2\Clase7-ejercicio-cuestionerio-2.csproj", "{EA47EC8A-8966-413F-B6D7-30D0125EB41C}"
EndProject
Global
	GlobalSection(SolutionConfigurationPlatforms) = preSolution
		Debug|Any CPU = Debug|Any CPU
		Release|Any CPU = Release|Any CPU
	EndGlobalSection
	GlobalSection(ProjectConfigurationPlatforms) = postSolution
		{EA47EC8A-8966-413F-B6D7-30D0125EB41C}.Debug|Any CPU.ActiveCfg = Debug|Any CPU
		{EA47EC8A-8966-413F-B6D7-30D0125EB41C}.Debug|Any CPU.Build.0 = Debug|Any CPU
		{EA47EC8A-8966-413F-B6D7-30D0125EB41C}.Release|Any CPU.ActiveCfg = Release|Any CPU
		{EA47EC8A-8966-413F-B6D7-30D0125EB41C}.Release|Any CPU.Build.0 = Release|Any CPU
	EndGlobalSection
	GlobalSection(SolutionProperties) = preSolution
		HideSolutionNode = FALSE
	EndGlobalSection
	GlobalSection(ExtensibilityGlobals) = postSolution
		SolutionGuid = {0434812F-1438-460D-AFB5-E1C8665CFAD8}
	EndGlobalSection
EndGlobal
